
Microsoft Visual Studio Solution File, Format Version 12.00
# Visual Studio Version 16
VisualStudioVersion = 16.0.31727.386
MinimumVisualStudioVersion = 10.0.40219.1
Project("{8BC9CEB8-8B4A-11D0-8D11-00A0C91BC942}") = "bt max min", "bt max min\bt max min.vcxproj", "{9B9458B6-0D7E-49F3-B50A-11BC038E7F0C}"
EndProject
Global
	GlobalSection(SolutionConfigurationPlatforms) = preSolution
		Debug|x64 = Debug|x64
		Debug|x86 = Debug|x86
		Release|x64 = Release|x64
		Release|x86 = Release|x86
	EndGlobalSection
	GlobalSection(ProjectConfigurationPlatforms) = postSolution
		{9B9458B6-0D7E-49F3-B50A-11BC038E7F0C}.Debug|x64.ActiveCfg = Debug|x64
		{9B9458B6-0D7E-49F3-B50A-11BC038E7F0C}.Debug|x64.Build.0 = Debug|x64
		{9B9458B6-0D7E-49F3-B50A-11BC038E7F0C}.Debug|x86.ActiveCfg = Debug|Win32
		{9B9458B6-0D7E-49F3-B50A-11BC038E7F0C}.Debug|x86.Build.0 = Debug|Win32
		{9B9458B6-0D7E-49F3-B50A-11BC038E7F0C}.Release|x64.ActiveCfg = Release|x64
		{9B9458B6-0D7E-49F3-B50A-11BC038E7F0C}.Release|x64.Build.0 = Release|x64
		{9B9458B6-0D7E-49F3-B50A-11BC038E7F0C}.Release|x86.ActiveCfg = Release|Win32
		{9B9458B6-0D7E-49F3-B50A-11BC038E7F0C}.Release|x86.Build.0 = Release|Win32
	EndGlobalSection
	GlobalSection(SolutionProperties) = preSolution
		HideSolutionNode = FALSE
	EndGlobalSection
	GlobalSection(ExtensibilityGlobals) = postSolution
		SolutionGuid = {2042AC22-DAED-4E25-BEE2-4B43806821CF}
	EndGlobalSection
EndGlobal
